
Microsoft Visual Studio Solution File, Format Version 12.00
# Visual Studio Version 16
VisualStudioVersion = 16.0.30011.22
MinimumVisualStudioVersion = 10.0.40219.1
Project("{9A19103F-16F7-4668-BE54-9A1E7A4F7556}") = "CalculatorApp", "Calculator\CalculatorApp.csproj", "{6648D2EC-5CC9-4E73-99FF-2A0DECE51BA5}"
EndProject
Project("{FAE04EC0-301F-11D3-BF4B-00C04F79EFBC}") = "CalculatorApp.UnitTests", "..\test\Calculator.UnitTests\CalculatorApp.UnitTests.csproj", "{277E5528-8E21-49BA-8310-32B74EBD1BD6}"
EndProject
Project("{2150E333-8FDC-42A3-9474-1A3956D46DE8}") = "test", "test", "{8AB519BC-8D41-4803-A1C8-C2476AE65825}"
EndProject
Project("{2150E333-8FDC-42A3-9474-1A3956D46DE8}") = "src", "src", "{938A87A0-CAB7-4067-AEE6-44E295ABDF00}"
EndProject
Global
	GlobalSection(SolutionConfigurationPlatforms) = preSolution
		Debug|Any CPU = Debug|Any CPU
		Release|Any CPU = Release|Any CPU
	EndGlobalSection
	GlobalSection(ProjectConfigurationPlatforms) = postSolution
		{6648D2EC-5CC9-4E73-99FF-2A0DECE51BA5}.Debug|Any CPU.ActiveCfg = Debug|Any CPU
		{6648D2EC-5CC9-4E73-99FF-2A0DECE51BA5}.Debug|Any CPU.Build.0 = Debug|Any CPU
		{6648D2EC-5CC9-4E73-99FF-2A0DECE51BA5}.Release|Any CPU.ActiveCfg = Release|Any CPU
		{6648D2EC-5CC9-4E73-99FF-2A0DECE51BA5}.Release|Any CPU.Build.0 = Release|Any CPU
		{277E5528-8E21-49BA-8310-32B74EBD1BD6}.Debug|Any CPU.ActiveCfg = Debug|Any CPU
		{277E5528-8E21-49BA-8310-32B74EBD1BD6}.Debug|Any CPU.Build.0 = Debug|Any CPU
		{277E5528-8E21-49BA-8310-32B74EBD1BD6}.Release|Any CPU.ActiveCfg = Release|Any CPU
		{277E5528-8E21-49BA-8310-32B74EBD1BD6}.Release|Any CPU.Build.0 = Release|Any CPU
	EndGlobalSection
	GlobalSection(SolutionProperties) = preSolution
		HideSolutionNode = FALSE
	EndGlobalSection
	GlobalSection(NestedProjects) = preSolution
		{6648D2EC-5CC9-4E73-99FF-2A0DECE51BA5} = {938A87A0-CAB7-4067-AEE6-44E295ABDF00}
		{277E5528-8E21-49BA-8310-32B74EBD1BD6} = {8AB519BC-8D41-4803-A1C8-C2476AE65825}
	EndGlobalSection
	GlobalSection(ExtensibilityGlobals) = postSolution
		SolutionGuid = {67FB9364-E7F6-4017-B797-B83612ACD513}
	EndGlobalSection
EndGlobal
